
Microsoft Visual Studio Solution File, Format Version 12.00
# Visual Studio Version 17
VisualStudioVersion = 17.1.32210.238
MinimumVisualStudioVersion = 10.0.40219.1
Project("{FAE04EC0-301F-11D3-BF4B-00C04F79EFBC}") = "modul5_1302204060", "modul5_1302204060\modul5_1302204060.csproj", "{EEAF24C1-967A-4E4F-A10A-A8B7C534D239}"
EndProject
Global
	GlobalSection(SolutionConfigurationPlatforms) = preSolution
		Debug|Any CPU = Debug|Any CPU
		Release|Any CPU = Release|Any CPU
	EndGlobalSection
	GlobalSection(ProjectConfigurationPlatforms) = postSolution
		{EEAF24C1-967A-4E4F-A10A-A8B7C534D239}.Debug|Any CPU.ActiveCfg = Debug|Any CPU
		{EEAF24C1-967A-4E4F-A10A-A8B7C534D239}.Debug|Any CPU.Build.0 = Debug|Any CPU
		{EEAF24C1-967A-4E4F-A10A-A8B7C534D239}.Release|Any CPU.ActiveCfg = Release|Any CPU
		{EEAF24C1-967A-4E4F-A10A-A8B7C534D239}.Release|Any CPU.Build.0 = Release|Any CPU
	EndGlobalSection
	GlobalSection(SolutionProperties) = preSolution
		HideSolutionNode = FALSE
	EndGlobalSection
	GlobalSection(ExtensibilityGlobals) = postSolution
		SolutionGuid = {32104B95-9CB5-4460-AA3E-0BEDB6AE798B}
	EndGlobalSection
EndGlobal
